// !$*UTF8*$!
{
	archiveVersion = 1;
	classes = {
	};
	objectVersion = 50;
	objects = {

/* Begin PBXBuildFile section */
		7970F69B2D0FCE4600F26677 /* FormValidationStarterApp.swift in Sources */ = {isa = PBXBuildFile; fileRef = 7970F69A2D0FCE4600F26677 /* FormValidationStarterApp.swift */; };
		7970F69D2D0FCE4600F26677 /* ContentView.swift in Sources */ = {isa = PBXBuildFile; fileRef = 7970F69C2D0FCE4600F26677 /* ContentView.swift */; };
		7970F69F2D0FCE5400F26677 /* Assets.xcassets in Resources */ = {isa = PBXBuildFile; fileRef = 7970F69E2D0FCE5400F26677 /* Assets.xcassets */; };
		7970F6A22D0FCE5400F26677 /* Preview Assets.xcassets in Resources */ = {isa = PBXBuildFile; fileRef = 7970F6A12D0FCE5400F26677 /* Preview Assets.xcassets */; };
		7970F6AB2D0FCF3A00F26677 /* AccountForm.swift in Sources */ = {isa = PBXBuildFile; fileRef = 7970F6AA2D0FCF3A00F26677 /* AccountForm.swift */; };
		7970F6AE2D0FCF6800F26677 /* SignUpView.swift in Sources */ = {isa = PBXBuildFile; fileRef = 7970F6AD2D0FCF6800F26677 /* SignUpView.swift */; };
/* End PBXBuildFile section */

/* Begin PBXFileReference section */
		7970F6972D0FCE4600F26677 /* FormValidationStarter.app */ = {isa = PBXFileReference; explicitFileType = wrapper.application; includeInIndex = 0; path = FormValidationStarter.app; sourceTree = BUILT_PRODUCTS_DIR; };
		7970F69A2D0FCE4600F26677 /* FormValidationStarterApp.swift */ = {isa = PBXFileReference; lastKnownFileType = sourcecode.swift; path = FormValidationStarterApp.swift; sourceTree = "<group>"; };
		7970F69C2D0FCE4600F26677 /* ContentView.swift */ = {isa = PBXFileReference; lastKnownFileType = sourcecode.swift; path = ContentView.swift; sourceTree = "<group>"; };
		7970F69E2D0FCE5400F26677 /* Assets.xcassets */ = {isa = PBXFileReference; lastKnownFileType = folder.assetcatalog; path = Assets.xcassets; sourceTree = "<group>"; };
		7970F6A12D0FCE5400F26677 /* Preview Assets.xcassets */ = {isa = PBXFileReference; lastKnownFileType = folder.assetcatalog; path = "Preview Assets.xcassets"; sourceTree = "<group>"; };
		7970F6A32D0FCE5400F26677 /* Info.plist */ = {isa = PBXFileReference; lastKnownFileType = text.plist.xml; path = Info.plist; sourceTree = "<group>"; };
		7970F6AA2D0FCF3A00F26677 /* AccountForm.swift */ = {isa = PBXFileReference; lastKnownFileType = sourcecode.swift; path = AccountForm.swift; sourceTree = "<group>"; };
		7970F6AD2D0FCF6800F26677 /* SignUpView.swift */ = {isa = PBXFileReference; lastKnownFileType = sourcecode.swift; path = SignUpView.swift; sourceTree = "<group>"; };
/* End PBXFileReference section */

/* Begin PBXFrameworksBuildPhase section */
		7970F6942D0FCE4600F26677 /* Frameworks */ = {
			isa = PBXFrameworksBuildPhase;
			buildActionMask = 2147483647;
			files = (
			);
			runOnlyForDeploymentPostprocessing = 0;
		};
/* End PBXFrameworksBuildPhase section */

/* Begin PBXGroup section */
		7970F68E2D0FCE4600F26677 = {
			isa = PBXGroup;
			children = (
				7970F6992D0FCE4600F26677 /* FormValidationStarter */,
				7970F6982D0FCE4600F26677 /* Products */,
			);
			sourceTree = "<group>";
		};
		7970F6982D0FCE4600F26677 /* Products */ = {
			isa = PBXGroup;
			children = (
				7970F6972D0FCE4600F26677 /* FormValidationStarter.app */,
			);
			name = Products;
			sourceTree = "<group>";
		};
		7970F6992D0FCE4600F26677 /* FormValidationStarter */ = {
			isa = PBXGroup;
			children = (
				7970F69A2D0FCE4600F26677 /* FormValidationStarterApp.swift */,
				7970F69C2D0FCE4600F26677 /* ContentView.swift */,
				7970F69E2D0FCE5400F26677 /* Assets.xcassets */,
				7970F6A32D0FCE5400F26677 /* Info.plist */,
				7970F6A02D0FCE5400F26677 /* Preview Content */,
				7970F6AA2D0FCF3A00F26677 /* AccountForm.swift */,
				7970F6AD2D0FCF6800F26677 /* SignUpView.swift */,
			);
			path = FormValidationStarter;
			sourceTree = "<group>";
		};
		7970F6A02D0FCE5400F26677 /* Preview Content */ = {
			isa = PBXGroup;
			children = (
				7970F6A12D0FCE5400F26677 /* Preview Assets.xcassets */,
			);
			path = "Preview Content";
			sourceTree = "<group>";
		};
/* End PBXGroup section */

/* Begin PBXNativeTarget section */
		7970F6962D0FCE4600F26677 /* FormValidationStarter */ = {
			isa = PBXNativeTarget;
			buildConfigurationList = 7970F6A62D0FCE5400F26677 /* Build configuration list for PBXNativeTarget "FormValidationStarter" */;
			buildPhases = (
				7970F6932D0FCE4600F26677 /* Sources */,
				7970F6942D0FCE4600F26677 /* Frameworks */,
				7970F6952D0FCE4600F26677 /* Resources */,
			);
			buildRules = (
			);
			dependencies = (
			);
			name = FormValidationStarter;
			productName = FormValidationStarter;
			productReference = 7970F6972D0FCE4600F26677 /* FormValidationStarter.app */;
			productType = "com.apple.product-type.application";
		};
/* End PBXNativeTarget section */

/* Begin PBXProject section */
		7970F68F2D0FCE4600F26677 /* Project object */ = {
			isa = PBXProject;
			attributes = {
				LastSwiftUpdateCheck = 1240;
				LastUpgradeCheck = 1240;
				TargetAttributes = {
					7970F6962D0FCE4600F26677 = {
						CreatedOnToolsVersion = 12.4;
					};
				};
			};
			buildConfigurationList = 7970F6922D0FCE4600F26677 /* Build configuration list for PBXProject "FormValidationStarter" */;
			compatibilityVersion = "Xcode 9.3";
			developmentRegion = en;
			hasScannedForEncodings = 0;
			knownRegions = (
				en,
				Base,
			);
			mainGroup = 7970F68E2D0FCE4600F26677;
			productRefGroup = 7970F6982D0FCE4600F26677 /* Products */;
			projectDirPath = "";
			projectRoot = "";
			targets = (
				7970F6962D0FCE4600F26677 /* FormValidationStarter */,
			);
		};
/* End PBXProject section */

/* Begin PBXResourcesBuildPhase section */
		7970F6952D0FCE4600F26677 /* Resources */ = {
			isa = PBXResourcesBuildPhase;
			buildActionMask = 2147483647;
			files = (
				7970F6A22D0FCE5400F26677 /* Preview Assets.xcassets in Resources */,
				7970F69F2D0FCE5400F26677 /* Assets.xcassets in Resources */,
			);
			runOnlyForDeploymentPostprocessing = 0;
		};
/* End PBXResourcesBuildPhase section */

/* Begin PBXSourcesBuildPhase section */
		7970F6932D0FCE4600F26677 /* Sources */ = {
			isa = PBXSourcesBuildPhase;
			buildActionMask = 2147483647;
			files = (
				7970F6AE2D0FCF6800F26677 /* SignUpView.swift in Sources */,
				7970F69D2D0FCE4600F26677 /* ContentView.swift in Sources */,
				7970F69B2D0FCE4600F26677 /* FormValidationStarterApp.swift in Sources */,
				7970F6AB2D0FCF3A00F26677 /* AccountForm.swift in Sources */,
			);
			runOnlyForDeploymentPostprocessing = 0;
		};
/* End PBXSourcesBuildPhase section */

/* Begin XCBuildConfiguration section */
		7970F6A42D0FCE5400F26677 /* Debug */ = {
			isa = XCBuildConfiguration;
			buildSettings = {
				ALWAYS_SEARCH_USER_PATHS = NO;
				CLANG_ANALYZER_NONNULL = YES;
				CLANG_ANALYZER_NUMBER_OBJECT_CONVERSION = YES_AGGRESSIVE;
				CLANG_CXX_LANGUAGE_STANDARD = "gnu++14";
				CLANG_CXX_LIBRARY = "libc++";
				CLANG_ENABLE_MODULES = YES;
				CLANG_ENABLE_OBJC_ARC = YES;
				CLANG_ENABLE_OBJC_WEAK = YES;
				CLANG_WARN_BLOCK_CAPTURE_AUTORELEASING = YES;
				CLANG_WARN_BOOL_CONVERSION = YES;
				CLANG_WARN_COMMA = YES;
				CLANG_WARN_CONSTANT_CONVERSION = YES;
				CLANG_WARN_DEPRECATED_OBJC_IMPLEMENTATIONS = YES;
				CLANG_WARN_DIRECT_OBJC_ISA_USAGE = YES_ERROR;
				CLANG_WARN_DOCUMENTATION_COMMENTS = YES;
				CLANG_WARN_EMPTY_BODY = YES;
				CLANG_WARN_ENUM_CONVERSION = YES;
				CLANG_WARN_INFINITE_RECURSION = YES;
				CLANG_WARN_INT_CONVERSION = YES;
				CLANG_WARN_NON_LITERAL_NULL_CONVERSION = YES;
				CLANG_WARN_OBJC_IMPLICIT_RETAIN_SELF = YES;
				CLANG_WARN_OBJC_LITERAL_CONVERSION = YES;
				CLANG_WARN_OBJC_ROOT_CLASS = YES_ERROR;
				CLANG_WARN_QUOTED_INCLUDE_IN_FRAMEWORK_HEADER = YES;
				CLANG_WARN_RANGE_LOOP_ANALYSIS = YES;
				CLANG_WARN_STRICT_PROTOTYPES = YES;
				CLANG_WARN_SUSPICIOUS_MOVE = YES;
				CLANG_WARN_UNGUARDED_AVAILABILITY = YES_AGGRESSIVE;
				CLANG_WARN_UNREACHABLE_CODE = YES;
				CLANG_WARN__DUPLICATE_METHOD_MATCH = YES;
				COPY_PHASE_STRIP = NO;
				DEBUG_INFORMATION_FORMAT = dwarf;
				ENABLE_STRICT_OBJC_MSGSEND = YES;
				ENABLE_TESTABILITY = YES;
				GCC_C_LANGUAGE_STANDARD = gnu11;
				GCC_DYNAMIC_NO_PIC = NO;
				GCC_NO_COMMON_BLOCKS = YES;
				GCC_OPTIMIZATION_LEVEL = 0;
				GCC_PREPROCESSOR_DEFINITIONS = (
					"DEBUG=1",
					"$(inherited)",
				);
				GCC_WARN_64_TO_32_BIT_CONVERSION = YES;
				GCC_WARN_ABOUT_RETURN_TYPE = YES_ERROR;
				GCC_WARN_UNDECLARED_SELECTOR = YES;
				GCC_WARN_UNINITIALIZED_AUTOS = YES_AGGRESSIVE;
				GCC_WARN_UNUSED_FUNCTION = YES;
				GCC_WARN_UNUSED_VARIABLE = YES;
				IPHONEOS_DEPLOYMENT_TARGET = 14.4;
				MTL_ENABLE_DEBUG_INFO = INCLUDE_SOURCE;
				MTL_FAST_MATH = YES;
				ONLY_ACTIVE_ARCH = YES;
				SDKROOT = iphoneos;
				SWIFT_ACTIVE_COMPILATION_CONDITIONS = DEBUG;
				SWIFT_OPTIMIZATION_LEVEL = "-Onone";
			};
			name = Debug;
		};
		7970F6A52D0FCE5400F26677 /* Release */ = {
			isa = XCBuildConfiguration;
			buildSettings = {
				ALWAYS_SEARCH_USER_PATHS = NO;
				CLANG_ANALYZER_NONNULL = YES;
				CLANG_ANALYZER_NUMBER_OBJECT_CONVERSION = YES_AGGRESSIVE;
				CLANG_CXX_LANGUAGE_STANDARD = "gnu++14";
				CLANG_CXX_LIBRARY = "libc++";
				CLANG_ENABLE_MODULES = YES;
				CLANG_ENABLE_OBJC_ARC = YES;
				CLANG_ENABLE_OBJC_WEAK = YES;
				CLANG_WARN_BLOCK_CAPTURE_AUTORELEASING = YES;
				CLANG_WARN_BOOL_CONVERSION = YES;
				CLANG_WARN_COMMA = YES;
				CLANG_WARN_CONSTANT_CONVERSION = YES;
				CLANG_WARN_DEPRECATED_OBJC_IMPLEMENTATIONS = YES;
				CLANG_WARN_DIRECT_OBJC_ISA_USAGE = YES_ERROR;
				CLANG_WARN_DOCUMENTATION_COMMENTS = YES;
				CLANG_WARN_EMPTY_BODY = YES;
				CLANG_WARN_ENUM_CONVERSION = YES;
				CLANG_WARN_INFINITE_RECURSION = YES;
				CLANG_WARN_INT_CONVERSION = YES;
				CLANG_WARN_NON_LITERAL_NULL_CONVERSION = YES;
				CLANG_WARN_OBJC_IMPLICIT_RETAIN_SELF = YES;
				CLANG_WARN_OBJC_LITERAL_CONVERSION = YES;
				CLANG_WARN_OBJC_ROOT_CLASS = YES_ERROR;
				CLANG_WARN_QUOTED_INCLUDE_IN_FRAMEWORK_HEADER = YES;
				CLANG_WARN_RANGE_LOOP_ANALYSIS = YES;
				CLANG_WARN_STRICT_PROTOTYPES = YES;
				CLANG_WARN_SUSPICIOUS_MOVE = YES;
				CLANG_WARN_UNGUARDED_AVAILABILITY = YES_AGGRESSIVE;
				CLANG_WARN_UNREACHABLE_CODE = YES;
				CLANG_WARN__DUPLICATE_METHOD_MATCH = YES;
				COPY_PHASE_STRIP = NO;
				DEBUG_INFORMATION_FORMAT = "dwarf-with-dsym";
				ENABLE_NS_ASSERTIONS = NO;
				ENABLE_STRICT_OBJC_MSGSEND = YES;
				GCC_C_LANGUAGE_STANDARD = gnu11;
				GCC_NO_COMMON_BLOCKS = YES;
				GCC_WARN_64_TO_32_BIT_CONVERSION = YES;
				GCC_WARN_ABOUT_RETURN_TYPE = YES_ERROR;
				GCC_WARN_UNDECLARED_SELECTOR = YES;
				GCC_WARN_UNINITIALIZED_AUTOS = YES_AGGRESSIVE;
				GCC_WARN_UNUSED_FUNCTION = YES;
				GCC_WARN_UNUSED_VARIABLE = YES;
				IPHONEOS_DEPLOYMENT_TARGET = 14.4;
				MTL_ENABLE_DEBUG_INFO = NO;
				MTL_FAST_MATH = YES;
				SDKROOT = iphoneos;
				SWIFT_COMPILATION_MODE = wholemodule;
				SWIFT_OPTIMIZATION_LEVEL = "-O";
				VALIDATE_PRODUCT = YES;
			};
			name = Release;
		};
		7970F6A72D0FCE5400F26677 /* Debug */ = {
			isa = XCBuildConfiguration;
			buildSettings = {
				ASSETCATALOG_COMPILER_APPICON_NAME = AppIcon;
				ASSETCATALOG_COMPILER_GLOBAL_ACCENT_COLOR_NAME = AccentColor;
				CODE_SIGN_STYLE = Automatic;
				DEVELOPMENT_ASSET_PATHS = "\"FormValidationStarter/Preview Content\"";
				ENABLE_PREVIEWS = YES;
				INFOPLIST_FILE = FormValidationStarter/Info.plist;
				IPHONEOS_DEPLOYMENT_TARGET = 14.0;
				LD_RUNPATH_SEARCH_PATHS = (
					"$(inherited)",
					"@executable_path/Frameworks",
				);
				PRODUCT_BUNDLE_IDENTIFIER = com.ndhu.FormValidationStarter;
				PRODUCT_NAME = "$(TARGET_NAME)";
				SWIFT_VERSION = 5.0;
				TARGETED_DEVICE_FAMILY = "1,2";
			};
			name = Debug;
		};
		7970F6A82D0FCE5400F26677 /* Release */ = {
			isa = XCBuildConfiguration;
			buildSettings = {
				ASSETCATALOG_COMPILER_APPICON_NAME = AppIcon;
				ASSETCATALOG_COMPILER_GLOBAL_ACCENT_COLOR_NAME = AccentColor;
				CODE_SIGN_STYLE = Automatic;
				DEVELOPMENT_ASSET_PATHS = "\"FormValidationStarter/Preview Content\"";
				ENABLE_PREVIEWS = YES;
				INFOPLIST_FILE = FormValidationStarter/Info.plist;
				IPHONEOS_DEPLOYMENT_TARGET = 14.0;
				LD_RUNPATH_SEARCH_PATHS = (
					"$(inherited)",
					"@executable_path/Frameworks",
				);
				PRODUCT_BUNDLE_IDENTIFIER = com.ndhu.FormValidationStarter;
				PRODUCT_NAME = "$(TARGET_NAME)";
				SWIFT_VERSION = 5.0;
				TARGETED_DEVICE_FAMILY = "1,2";
			};
			name = Release;
		};
/* End XCBuildConfiguration section */

/* Begin XCConfigurationList section */
		7970F6922D0FCE4600F26677 /* Build configuration list for PBXProject "FormValidationStarter" */ = {
			isa = XCConfigurationList;
			buildConfigurations = (
				7970F6A42D0FCE5400F26677 /* Debug */,
				7970F6A52D0FCE5400F26677 /* Release */,
			);
			defaultConfigurationIsVisible = 0;
			defaultConfigurationName = Release;
		};
		7970F6A62D0FCE5400F26677 /* Build configuration list for PBXNativeTarget "FormValidationStarter" */ = {
			isa = XCConfigurationList;
			buildConfigurations = (
				7970F6A72D0FCE5400F26677 /* Debug */,
				7970F6A82D0FCE5400F26677 /* Release */,
			);
			defaultConfigurationIsVisible = 0;
			defaultConfigurationName = Release;
		};
/* End XCConfigurationList section */
	};
	rootObject = 7970F68F2D0FCE4600F26677 /* Project object */;
}
